// !$*UTF8*$!
{
	archiveVersion = 1;
	classes = {
	};
	objectVersion = 56;
	objects = {

/* Begin PBXBuildFile section */
		49091E2D29F3EFC800D426CE /* ForecastModel.swift in Sources */ = {isa = PBXBuildFile; fileRef = 49091E2C29F3EFC800D426CE /* ForecastModel.swift */; };
		49091E2F29F3F29200D426CE /* ForecastCard.swift in Sources */ = {isa = PBXBuildFile; fileRef = 49091E2E29F3F29200D426CE /* ForecastCard.swift */; };
		49091E3129F4071E00D426CE /* NavigationBar.swift in Sources */ = {isa = PBXBuildFile; fileRef = 49091E3029F4071E00D426CE /* NavigationBar.swift */; };
		49091E3329F40AD600D426CE /* WeatherView.swift in Sources */ = {isa = PBXBuildFile; fileRef = 49091E3229F40AD600D426CE /* WeatherView.swift */; };
		49091E3529F40D9D00D426CE /* WeatherWidget.swift in Sources */ = {isa = PBXBuildFile; fileRef = 49091E3429F40D9D00D426CE /* WeatherWidget.swift */; };
		495C8D6929ED8EEF005802CA /* WeatherAnimatedApp.swift in Sources */ = {isa = PBXBuildFile; fileRef = 495C8D6829ED8EEF005802CA /* WeatherAnimatedApp.swift */; };
		495C8D6B29ED8EEF005802CA /* ContentView.swift in Sources */ = {isa = PBXBuildFile; fileRef = 495C8D6A29ED8EEF005802CA /* ContentView.swift */; };
		495C8D6D29ED8EF0005802CA /* Assets.xcassets in Resources */ = {isa = PBXBuildFile; fileRef = 495C8D6C29ED8EF0005802CA /* Assets.xcassets */; };
		495C8D7029ED8EF0005802CA /* Preview Assets.xcassets in Resources */ = {isa = PBXBuildFile; fileRef = 495C8D6F29ED8EF0005802CA /* Preview Assets.xcassets */; };
		495C8D7E29ED9106005802CA /* Extensions.swift in Sources */ = {isa = PBXBuildFile; fileRef = 495C8D7D29ED9106005802CA /* Extensions.swift */; };
		495C8D8029ED9245005802CA /* HomeView.swift in Sources */ = {isa = PBXBuildFile; fileRef = 495C8D7F29ED9245005802CA /* HomeView.swift */; };
		495C8D8229ED9E02005802CA /* TabBar.swift in Sources */ = {isa = PBXBuildFile; fileRef = 495C8D8129ED9E02005802CA /* TabBar.swift */; };
		495C8D8429EDBD84005802CA /* Shapes.swift in Sources */ = {isa = PBXBuildFile; fileRef = 495C8D8329EDBD84005802CA /* Shapes.swift */; };
		495C8D8729EDC2AB005802CA /* BottomSheet in Frameworks */ = {isa = PBXBuildFile; productRef = 495C8D8629EDC2AB005802CA /* BottomSheet */; };
		495C8D8929EDC461005802CA /* ForecastView.swift in Sources */ = {isa = PBXBuildFile; fileRef = 495C8D8829EDC461005802CA /* ForecastView.swift */; };
		498A174829F2F7D9004A9F75 /* Blur.swift in Sources */ = {isa = PBXBuildFile; fileRef = 498A174729F2F7D9004A9F75 /* Blur.swift */; };
		49DF698629F3D63F00A5AABD /* SegmentedControl.swift in Sources */ = {isa = PBXBuildFile; fileRef = 49DF698529F3D63F00A5AABD /* SegmentedControl.swift */; };
/* End PBXBuildFile section */

/* Begin PBXFileReference section */
		49091E2C29F3EFC800D426CE /* ForecastModel.swift */ = {isa = PBXFileReference; lastKnownFileType = sourcecode.swift; path = ForecastModel.swift; sourceTree = "<group>"; };
		49091E2E29F3F29200D426CE /* ForecastCard.swift */ = {isa = PBXFileReference; lastKnownFileType = sourcecode.swift; path = ForecastCard.swift; sourceTree = "<group>"; };
		49091E3029F4071E00D426CE /* NavigationBar.swift */ = {isa = PBXFileReference; lastKnownFileType = sourcecode.swift; path = NavigationBar.swift; sourceTree = "<group>"; };
		49091E3229F40AD600D426CE /* WeatherView.swift */ = {isa = PBXFileReference; lastKnownFileType = sourcecode.swift; path = WeatherView.swift; sourceTree = "<group>"; };
		49091E3429F40D9D00D426CE /* WeatherWidget.swift */ = {isa = PBXFileReference; lastKnownFileType = sourcecode.swift; path = WeatherWidget.swift; sourceTree = "<group>"; };
		495C8D6529ED8EEF005802CA /* WeatherAnimated.app */ = {isa = PBXFileReference; explicitFileType = wrapper.application; includeInIndex = 0; path = WeatherAnimated.app; sourceTree = BUILT_PRODUCTS_DIR; };
		495C8D6829ED8EEF005802CA /* WeatherAnimatedApp.swift */ = {isa = PBXFileReference; lastKnownFileType = sourcecode.swift; path = WeatherAnimatedApp.swift; sourceTree = "<group>"; };
		495C8D6A29ED8EEF005802CA /* ContentView.swift */ = {isa = PBXFileReference; lastKnownFileType = sourcecode.swift; path = ContentView.swift; sourceTree = "<group>"; };
		495C8D6C29ED8EF0005802CA /* Assets.xcassets */ = {isa = PBXFileReference; lastKnownFileType = folder.assetcatalog; path = Assets.xcassets; sourceTree = "<group>"; };
		495C8D6F29ED8EF0005802CA /* Preview Assets.xcassets */ = {isa = PBXFileReference; lastKnownFileType = folder.assetcatalog; path = "Preview Assets.xcassets"; sourceTree = "<group>"; };
		495C8D7D29ED9106005802CA /* Extensions.swift */ = {isa = PBXFileReference; lastKnownFileType = sourcecode.swift; path = Extensions.swift; sourceTree = "<group>"; };
		495C8D7F29ED9245005802CA /* HomeView.swift */ = {isa = PBXFileReference; lastKnownFileType = sourcecode.swift; path = HomeView.swift; sourceTree = "<group>"; };
		495C8D8129ED9E02005802CA /* TabBar.swift */ = {isa = PBXFileReference; lastKnownFileType = sourcecode.swift; path = TabBar.swift; sourceTree = "<group>"; };
		495C8D8329EDBD84005802CA /* Shapes.swift */ = {isa = PBXFileReference; lastKnownFileType = sourcecode.swift; path = Shapes.swift; sourceTree = "<group>"; };
		495C8D8829EDC461005802CA /* ForecastView.swift */ = {isa = PBXFileReference; lastKnownFileType = sourcecode.swift; path = ForecastView.swift; sourceTree = "<group>"; };
		498A174729F2F7D9004A9F75 /* Blur.swift */ = {isa = PBXFileReference; lastKnownFileType = sourcecode.swift; path = Blur.swift; sourceTree = "<group>"; };
		49DF698529F3D63F00A5AABD /* SegmentedControl.swift */ = {isa = PBXFileReference; lastKnownFileType = sourcecode.swift; path = SegmentedControl.swift; sourceTree = "<group>"; };
/* End PBXFileReference section */

/* Begin PBXFrameworksBuildPhase section */
		495C8D6229ED8EEF005802CA /* Frameworks */ = {
			isa = PBXFrameworksBuildPhase;
			buildActionMask = 2147483647;
			files = (
				495C8D8729EDC2AB005802CA /* BottomSheet in Frameworks */,
			);
			runOnlyForDeploymentPostprocessing = 0;
		};
/* End PBXFrameworksBuildPhase section */

/* Begin PBXGroup section */
		495C8D5C29ED8EEF005802CA = {
			isa = PBXGroup;
			children = (
				495C8D6729ED8EEF005802CA /* WeatherAnimated */,
				495C8D6629ED8EEF005802CA /* Products */,
			);
			sourceTree = "<group>";
		};
		495C8D6629ED8EEF005802CA /* Products */ = {
			isa = PBXGroup;
			children = (
				495C8D6529ED8EEF005802CA /* WeatherAnimated.app */,
			);
			name = Products;
			sourceTree = "<group>";
		};
		495C8D6729ED8EEF005802CA /* WeatherAnimated */ = {
			isa = PBXGroup;
			children = (
				495C8D7829ED9088005802CA /* Utils */,
				495C8D7729ED9081005802CA /* Model */,
				495C8D7629ED907C005802CA /* View */,
				495C8D6829ED8EEF005802CA /* WeatherAnimatedApp.swift */,
				495C8D6C29ED8EF0005802CA /* Assets.xcassets */,
				495C8D6E29ED8EF0005802CA /* Preview Content */,
			);
			path = WeatherAnimated;
			sourceTree = "<group>";
		};
		495C8D6E29ED8EF0005802CA /* Preview Content */ = {
			isa = PBXGroup;
			children = (
				495C8D6F29ED8EF0005802CA /* Preview Assets.xcassets */,
			);
			path = "Preview Content";
			sourceTree = "<group>";
		};
		495C8D7629ED907C005802CA /* View */ = {
			isa = PBXGroup;
			children = (
				495C8D7929ED909A005802CA /* Main */,
				495C8D7B29ED90A6005802CA /* Detail */,
				495C8D7C29ED90AB005802CA /* Components */,
				495C8D7A29ED90A1005802CA /* Navigation */,
			);
			path = View;
			sourceTree = "<group>";
		};
		495C8D7729ED9081005802CA /* Model */ = {
			isa = PBXGroup;
			children = (
				49091E2C29F3EFC800D426CE /* ForecastModel.swift */,
			);
			path = Model;
			sourceTree = "<group>";
		};
		495C8D7829ED9088005802CA /* Utils */ = {
			isa = PBXGroup;
			children = (
				495C8D7D29ED9106005802CA /* Extensions.swift */,
				495C8D8329EDBD84005802CA /* Shapes.swift */,
			);
			path = Utils;
			sourceTree = "<group>";
		};
		495C8D7929ED909A005802CA /* Main */ = {
			isa = PBXGroup;
			children = (
				495C8D6A29ED8EEF005802CA /* ContentView.swift */,
				495C8D7F29ED9245005802CA /* HomeView.swift */,
			);
			path = Main;
			sourceTree = "<group>";
		};
		495C8D7A29ED90A1005802CA /* Navigation */ = {
			isa = PBXGroup;
			children = (
				495C8D8129ED9E02005802CA /* TabBar.swift */,
				49091E3029F4071E00D426CE /* NavigationBar.swift */,
			);
			path = Navigation;
			sourceTree = "<group>";
		};
		495C8D7B29ED90A6005802CA /* Detail */ = {
			isa = PBXGroup;
			children = (
				495C8D8829EDC461005802CA /* ForecastView.swift */,
				49091E3229F40AD600D426CE /* WeatherView.swift */,
			);
			path = Detail;
			sourceTree = "<group>";
		};
		495C8D7C29ED90AB005802CA /* Components */ = {
			isa = PBXGroup;
			children = (
				498A174729F2F7D9004A9F75 /* Blur.swift */,
				49DF698529F3D63F00A5AABD /* SegmentedControl.swift */,
				49091E2E29F3F29200D426CE /* ForecastCard.swift */,
				49091E3429F40D9D00D426CE /* WeatherWidget.swift */,
			);
			path = Components;
			sourceTree = "<group>";
		};
/* End PBXGroup section */

/* Begin PBXNativeTarget section */
		495C8D6429ED8EEF005802CA /* WeatherAnimated */ = {
			isa = PBXNativeTarget;
			buildConfigurationList = 495C8D7329ED8EF0005802CA /* Build configuration list for PBXNativeTarget "WeatherAnimated" */;
			buildPhases = (
				495C8D6129ED8EEF005802CA /* Sources */,
				495C8D6229ED8EEF005802CA /* Frameworks */,
				495C8D6329ED8EEF005802CA /* Resources */,
			);
			buildRules = (
			);
			dependencies = (
			);
			name = WeatherAnimated;
			packageProductDependencies = (
				495C8D8629EDC2AB005802CA /* BottomSheet */,
			);
			productName = WeatherAnimated;
			productReference = 495C8D6529ED8EEF005802CA /* WeatherAnimated.app */;
			productType = "com.apple.product-type.application";
		};
/* End PBXNativeTarget section */

/* Begin PBXProject section */
		495C8D5D29ED8EEF005802CA /* Project object */ = {
			isa = PBXProject;
			attributes = {
				BuildIndependentTargetsInParallel = 1;
				LastSwiftUpdateCheck = 1430;
				LastUpgradeCheck = 1430;
				TargetAttributes = {
					495C8D6429ED8EEF005802CA = {
						CreatedOnToolsVersion = 14.3;
					};
				};
			};
			buildConfigurationList = 495C8D6029ED8EEF005802CA /* Build configuration list for PBXProject "WeatherAnimated" */;
			compatibilityVersion = "Xcode 14.0";
			developmentRegion = en;
			hasScannedForEncodings = 0;
			knownRegions = (
				en,
				Base,
			);
			mainGroup = 495C8D5C29ED8EEF005802CA;
			packageReferences = (
				495C8D8529EDC2AB005802CA /* XCRemoteSwiftPackageReference "BottomSheet" */,
			);
			productRefGroup = 495C8D6629ED8EEF005802CA /* Products */;
			projectDirPath = "";
			projectRoot = "";
			targets = (
				495C8D6429ED8EEF005802CA /* WeatherAnimated */,
			);
		};
/* End PBXProject section */

/* Begin PBXResourcesBuildPhase section */
		495C8D6329ED8EEF005802CA /* Resources */ = {
			isa = PBXResourcesBuildPhase;
			buildActionMask = 2147483647;
			files = (
				495C8D7029ED8EF0005802CA /* Preview Assets.xcassets in Resources */,
				495C8D6D29ED8EF0005802CA /* Assets.xcassets in Resources */,
			);
			runOnlyForDeploymentPostprocessing = 0;
		};
/* End PBXResourcesBuildPhase section */

/* Begin PBXSourcesBuildPhase section */
		495C8D6129ED8EEF005802CA /* Sources */ = {
			isa = PBXSourcesBuildPhase;
			buildActionMask = 2147483647;
			files = (
				49091E3529F40D9D00D426CE /* WeatherWidget.swift in Sources */,
				49091E2F29F3F29200D426CE /* ForecastCard.swift in Sources */,
				495C8D6B29ED8EEF005802CA /* ContentView.swift in Sources */,
				49DF698629F3D63F00A5AABD /* SegmentedControl.swift in Sources */,
				495C8D8029ED9245005802CA /* HomeView.swift in Sources */,
				498A174829F2F7D9004A9F75 /* Blur.swift in Sources */,
				49091E3329F40AD600D426CE /* WeatherView.swift in Sources */,
				495C8D7E29ED9106005802CA /* Extensions.swift in Sources */,
				495C8D6929ED8EEF005802CA /* WeatherAnimatedApp.swift in Sources */,
				495C8D8929EDC461005802CA /* ForecastView.swift in Sources */,
				495C8D8229ED9E02005802CA /* TabBar.swift in Sources */,
				49091E2D29F3EFC800D426CE /* ForecastModel.swift in Sources */,
				495C8D8429EDBD84005802CA /* Shapes.swift in Sources */,
				49091E3129F4071E00D426CE /* NavigationBar.swift in Sources */,
			);
			runOnlyForDeploymentPostprocessing = 0;
		};
/* End PBXSourcesBuildPhase section */

/* Begin XCBuildConfiguration section */
		495C8D7129ED8EF0005802CA /* Debug */ = {
			isa = XCBuildConfiguration;
			buildSettings = {
				ALWAYS_SEARCH_USER_PATHS = NO;
				CLANG_ANALYZER_NONNULL = YES;
				CLANG_ANALYZER_NUMBER_OBJECT_CONVERSION = YES_AGGRESSIVE;
				CLANG_CXX_LANGUAGE_STANDARD = "gnu++20";
				CLANG_ENABLE_MODULES = YES;
				CLANG_ENABLE_OBJC_ARC = YES;
				CLANG_ENABLE_OBJC_WEAK = YES;
				CLANG_WARN_BLOCK_CAPTURE_AUTORELEASING = YES;
				CLANG_WARN_BOOL_CONVERSION = YES;
				CLANG_WARN_COMMA = YES;
				CLANG_WARN_CONSTANT_CONVERSION = YES;
				CLANG_WARN_DEPRECATED_OBJC_IMPLEMENTATIONS = YES;
				CLANG_WARN_DIRECT_OBJC_ISA_USAGE = YES_ERROR;
				CLANG_WARN_DOCUMENTATION_COMMENTS = YES;
				CLANG_WARN_EMPTY_BODY = YES;
				CLANG_WARN_ENUM_CONVERSION = YES;
				CLANG_WARN_INFINITE_RECURSION = YES;
				CLANG_WARN_INT_CONVERSION = YES;
				CLANG_WARN_NON_LITERAL_NULL_CONVERSION = YES;
				CLANG_WARN_OBJC_IMPLICIT_RETAIN_SELF = YES;
				CLANG_WARN_OBJC_LITERAL_CONVERSION = YES;
				CLANG_WARN_OBJC_ROOT_CLASS = YES_ERROR;
				CLANG_WARN_QUOTED_INCLUDE_IN_FRAMEWORK_HEADER = YES;
				CLANG_WARN_RANGE_LOOP_ANALYSIS = YES;
				CLANG_WARN_STRICT_PROTOTYPES = YES;
				CLANG_WARN_SUSPICIOUS_MOVE = YES;
				CLANG_WARN_UNGUARDED_AVAILABILITY = YES_AGGRESSIVE;
				CLANG_WARN_UNREACHABLE_CODE = YES;
				CLANG_WARN__DUPLICATE_METHOD_MATCH = YES;
				COPY_PHASE_STRIP = NO;
				DEBUG_INFORMATION_FORMAT = dwarf;
				ENABLE_STRICT_OBJC_MSGSEND = YES;
				ENABLE_TESTABILITY = YES;
				GCC_C_LANGUAGE_STANDARD = gnu11;
				GCC_DYNAMIC_NO_PIC = NO;
				GCC_NO_COMMON_BLOCKS = YES;
				GCC_OPTIMIZATION_LEVEL = 0;
				GCC_PREPROCESSOR_DEFINITIONS = (
					"DEBUG=1",
					"$(inherited)",
				);
				GCC_WARN_64_TO_32_BIT_CONVERSION = YES;
				GCC_WARN_ABOUT_RETURN_TYPE = YES_ERROR;
				GCC_WARN_UNDECLARED_SELECTOR = YES;
				GCC_WARN_UNINITIALIZED_AUTOS = YES_AGGRESSIVE;
				GCC_WARN_UNUSED_FUNCTION = YES;
				GCC_WARN_UNUSED_VARIABLE = YES;
				IPHONEOS_DEPLOYMENT_TARGET = 16.4;
				MTL_ENABLE_DEBUG_INFO = INCLUDE_SOURCE;
				MTL_FAST_MATH = YES;
				ONLY_ACTIVE_ARCH = YES;
				SDKROOT = iphoneos;
				SWIFT_ACTIVE_COMPILATION_CONDITIONS = DEBUG;
				SWIFT_OPTIMIZATION_LEVEL = "-Onone";
			};
			name = Debug;
		};
		495C8D7229ED8EF0005802CA /* Release */ = {
			isa = XCBuildConfiguration;
			buildSettings = {
				ALWAYS_SEARCH_USER_PATHS = NO;
				CLANG_ANALYZER_NONNULL = YES;
				CLANG_ANALYZER_NUMBER_OBJECT_CONVERSION = YES_AGGRESSIVE;
				CLANG_CXX_LANGUAGE_STANDARD = "gnu++20";
				CLANG_ENABLE_MODULES = YES;
				CLANG_ENABLE_OBJC_ARC = YES;
				CLANG_ENABLE_OBJC_WEAK = YES;
				CLANG_WARN_BLOCK_CAPTURE_AUTORELEASING = YES;
				CLANG_WARN_BOOL_CONVERSION = YES;
				CLANG_WARN_COMMA = YES;
				CLANG_WARN_CONSTANT_CONVERSION = YES;
				CLANG_WARN_DEPRECATED_OBJC_IMPLEMENTATIONS = YES;
				CLANG_WARN_DIRECT_OBJC_ISA_USAGE = YES_ERROR;
				CLANG_WARN_DOCUMENTATION_COMMENTS = YES;
				CLANG_WARN_EMPTY_BODY = YES;
				CLANG_WARN_ENUM_CONVERSION = YES;
				CLANG_WARN_INFINITE_RECURSION = YES;
				CLANG_WARN_INT_CONVERSION = YES;
				CLANG_WARN_NON_LITERAL_NULL_CONVERSION = YES;
				CLANG_WARN_OBJC_IMPLICIT_RETAIN_SELF = YES;
				CLANG_WARN_OBJC_LITERAL_CONVERSION = YES;
				CLANG_WARN_OBJC_ROOT_CLASS = YES_ERROR;
				CLANG_WARN_QUOTED_INCLUDE_IN_FRAMEWORK_HEADER = YES;
				CLANG_WARN_RANGE_LOOP_ANALYSIS = YES;
				CLANG_WARN_STRICT_PROTOTYPES = YES;
				CLANG_WARN_SUSPICIOUS_MOVE = YES;
				CLANG_WARN_UNGUARDED_AVAILABILITY = YES_AGGRESSIVE;
				CLANG_WARN_UNREACHABLE_CODE = YES;
				CLANG_WARN__DUPLICATE_METHOD_MATCH = YES;
				COPY_PHASE_STRIP = NO;
				DEBUG_INFORMATION_FORMAT = "dwarf-with-dsym";
				ENABLE_NS_ASSERTIONS = NO;
				ENABLE_STRICT_OBJC_MSGSEND = YES;
				GCC_C_LANGUAGE_STANDARD = gnu11;
				GCC_NO_COMMON_BLOCKS = YES;
				GCC_WARN_64_TO_32_BIT_CONVERSION = YES;
				GCC_WARN_ABOUT_RETURN_TYPE = YES_ERROR;
				GCC_WARN_UNDECLARED_SELECTOR = YES;
				GCC_WARN_UNINITIALIZED_AUTOS = YES_AGGRESSIVE;
				GCC_WARN_UNUSED_FUNCTION = YES;
				GCC_WARN_UNUSED_VARIABLE = YES;
				IPHONEOS_DEPLOYMENT_TARGET = 16.4;
				MTL_ENABLE_DEBUG_INFO = NO;
				MTL_FAST_MATH = YES;
				SDKROOT = iphoneos;
				SWIFT_COMPILATION_MODE = wholemodule;
				SWIFT_OPTIMIZATION_LEVEL = "-O";
				VALIDATE_PRODUCT = YES;
			};
			name = Release;
		};
		495C8D7429ED8EF0005802CA /* Debug */ = {
			isa = XCBuildConfiguration;
			buildSettings = {
				ASSETCATALOG_COMPILER_APPICON_NAME = AppIcon;
				ASSETCATALOG_COMPILER_GLOBAL_ACCENT_COLOR_NAME = AccentColor;
				CODE_SIGN_STYLE = Automatic;
				CURRENT_PROJECT_VERSION = 1;
				DEVELOPMENT_ASSET_PATHS = "\"WeatherAnimated/Preview Content\"";
				DEVELOPMENT_TEAM = A8MUA8B3X2;
				ENABLE_PREVIEWS = YES;
				GENERATE_INFOPLIST_FILE = YES;
				INFOPLIST_KEY_UIApplicationSceneManifest_Generation = YES;
				INFOPLIST_KEY_UIApplicationSupportsIndirectInputEvents = YES;
				INFOPLIST_KEY_UILaunchScreen_Generation = YES;
				INFOPLIST_KEY_UISupportedInterfaceOrientations_iPad = "UIInterfaceOrientationPortrait UIInterfaceOrientationPortraitUpsideDown UIInterfaceOrientationLandscapeLeft UIInterfaceOrientationLandscapeRight";
				INFOPLIST_KEY_UISupportedInterfaceOrientations_iPhone = "UIInterfaceOrientationPortrait UIInterfaceOrientationLandscapeLeft UIInterfaceOrientationLandscapeRight";
				LD_RUNPATH_SEARCH_PATHS = (
					"$(inherited)",
					"@executable_path/Frameworks",
				);
				MARKETING_VERSION = 1.0;
				PRODUCT_BUNDLE_IDENTIFIER = lodkag.WeatherAnimated;
				PRODUCT_NAME = "$(TARGET_NAME)";
				SWIFT_EMIT_LOC_STRINGS = YES;
				SWIFT_VERSION = 5.0;
				TARGETED_DEVICE_FAMILY = "1,2";
			};
			name = Debug;
		};
		495C8D7529ED8EF0005802CA /* Release */ = {
			isa = XCBuildConfiguration;
			buildSettings = {
				ASSETCATALOG_COMPILER_APPICON_NAME = AppIcon;
				ASSETCATALOG_COMPILER_GLOBAL_ACCENT_COLOR_NAME = AccentColor;
				CODE_SIGN_STYLE = Automatic;
				CURRENT_PROJECT_VERSION = 1;
				DEVELOPMENT_ASSET_PATHS = "\"WeatherAnimated/Preview Content\"";
				DEVELOPMENT_TEAM = A8MUA8B3X2;
				ENABLE_PREVIEWS = YES;
				GENERATE_INFOPLIST_FILE = YES;
				INFOPLIST_KEY_UIApplicationSceneManifest_Generation = YES;
				INFOPLIST_KEY_UIApplicationSupportsIndirectInputEvents = YES;
				INFOPLIST_KEY_UILaunchScreen_Generation = YES;
				INFOPLIST_KEY_UISupportedInterfaceOrientations_iPad = "UIInterfaceOrientationPortrait UIInterfaceOrientationPortraitUpsideDown UIInterfaceOrientationLandscapeLeft UIInterfaceOrientationLandscapeRight";
				INFOPLIST_KEY_UISupportedInterfaceOrientations_iPhone = "UIInterfaceOrientationPortrait UIInterfaceOrientationLandscapeLeft UIInterfaceOrientationLandscapeRight";
				LD_RUNPATH_SEARCH_PATHS = (
					"$(inherited)",
					"@executable_path/Frameworks",
				);
				MARKETING_VERSION = 1.0;
				PRODUCT_BUNDLE_IDENTIFIER = lodkag.WeatherAnimated;
				PRODUCT_NAME = "$(TARGET_NAME)";
				SWIFT_EMIT_LOC_STRINGS = YES;
				SWIFT_VERSION = 5.0;
				TARGETED_DEVICE_FAMILY = "1,2";
			};
			name = Release;
		};
/* End XCBuildConfiguration section */

/* Begin XCConfigurationList section */
		495C8D6029ED8EEF005802CA /* Build configuration list for PBXProject "WeatherAnimated" */ = {
			isa = XCConfigurationList;
			buildConfigurations = (
				495C8D7129ED8EF0005802CA /* Debug */,
				495C8D7229ED8EF0005802CA /* Release */,
			);
			defaultConfigurationIsVisible = 0;
			defaultConfigurationName = Release;
		};
		495C8D7329ED8EF0005802CA /* Build configuration list for PBXNativeTarget "WeatherAnimated" */ = {
			isa = XCConfigurationList;
			buildConfigurations = (
				495C8D7429ED8EF0005802CA /* Debug */,
				495C8D7529ED8EF0005802CA /* Release */,
			);
			defaultConfigurationIsVisible = 0;
			defaultConfigurationName = Release;
		};
/* End XCConfigurationList section */

/* Begin XCRemoteSwiftPackageReference section */
		495C8D8529EDC2AB005802CA /* XCRemoteSwiftPackageReference "BottomSheet" */ = {
			isa = XCRemoteSwiftPackageReference;
			repositoryURL = "https://github.com/Wouter125/BottomSheet";
			requirement = {
				branch = main;
				kind = branch;
			};
		};
/* End XCRemoteSwiftPackageReference section */

/* Begin XCSwiftPackageProductDependency section */
		495C8D8629EDC2AB005802CA /* BottomSheet */ = {
			isa = XCSwiftPackageProductDependency;
			package = 495C8D8529EDC2AB005802CA /* XCRemoteSwiftPackageReference "BottomSheet" */;
			productName = BottomSheet;
		};
/* End XCSwiftPackageProductDependency section */
	};
	rootObject = 495C8D5D29ED8EEF005802CA /* Project object */;
}
